
Microsoft Visual Studio Solution File, Format Version 12.00
# Visual Studio 15
VisualStudioVersion = 15.0.27130.2027
MinimumVisualStudioVersion = 10.0.40219.1
Project("{FAE04EC0-301F-11D3-BF4B-00C04F79EFBC}") = "TheFinalBudget", "TheFinalBudget\TheFinalBudget.csproj", "{F8958EF0-D536-43F1-BB59-B5361EC6618B}"
EndProject
Global
	GlobalSection(SolutionConfigurationPlatforms) = preSolution
		Debug|Any CPU = Debug|Any CPU
		Debug|x64 = Debug|x64
		Release|Any CPU = Release|Any CPU
		Release|x64 = Release|x64
	EndGlobalSection
	GlobalSection(ProjectConfigurationPlatforms) = postSolution
		{F8958EF0-D536-43F1-BB59-B5361EC6618B}.Debug|Any CPU.ActiveCfg = Debug|Any CPU
		{F8958EF0-D536-43F1-BB59-B5361EC6618B}.Debug|Any CPU.Build.0 = Debug|Any CPU
		{F8958EF0-D536-43F1-BB59-B5361EC6618B}.Debug|x64.ActiveCfg = Debug|x64
		{F8958EF0-D536-43F1-BB59-B5361EC6618B}.Debug|x64.Build.0 = Debug|x64
		{F8958EF0-D536-43F1-BB59-B5361EC6618B}.Release|Any CPU.ActiveCfg = Release|Any CPU
		{F8958EF0-D536-43F1-BB59-B5361EC6618B}.Release|Any CPU.Build.0 = Release|Any CPU
		{F8958EF0-D536-43F1-BB59-B5361EC6618B}.Release|x64.ActiveCfg = Release|x64
		{F8958EF0-D536-43F1-BB59-B5361EC6618B}.Release|x64.Build.0 = Release|x64
	EndGlobalSection
	GlobalSection(SolutionProperties) = preSolution
		HideSolutionNode = FALSE
	EndGlobalSection
	GlobalSection(ExtensibilityGlobals) = postSolution
		SolutionGuid = {CB5C2D85-709B-497D-8D0B-3DC1F3262A72}
	EndGlobalSection
EndGlobal
